
Microsoft Visual Studio Solution File, Format Version 12.00
# Visual Studio 2013
VisualStudioVersion = 12.0.21005.1
MinimumVisualStudioVersion = 10.0.40219.1
Project("{FAE04EC0-301F-11D3-BF4B-00C04F79EFBC}") = "MorSun.Controllers", "MorSun.Controllers\MorSun.Controllers.csproj", "{51F35E7F-8098-46E3-BD12-BEFF0E14F573}"
EndProject
Project("{2150E333-8FDC-42A3-9474-1A3956D46DE8}") = "Web", "Web", "{2490C533-B05D-4FF6-AAFE-41E59F9E54C1}"
EndProject
Project("{2150E333-8FDC-42A3-9474-1A3956D46DE8}") = "Bll", "Bll", "{D57EFD41-3D02-4050-AC1E-2A1FB23A5C2C}"
EndProject
Project("{2150E333-8FDC-42A3-9474-1A3956D46DE8}") = "Common", "Common", "{674A1F62-479D-4F4D-B0E6-604CA2E851E9}"
EndProject
Project("{2150E333-8FDC-42A3-9474-1A3956D46DE8}") = "Document", "Document", "{96E1FF05-C45F-4E49-B1E8-703B8F24B32F}"
EndProject
Project("{2150E333-8FDC-42A3-9474-1A3956D46DE8}") = "Model", "Model", "{77D86F43-DF82-47DD-909F-9C054D505A9D}"
EndProject
Project("{FAE04EC0-301F-11D3-BF4B-00C04F79EFBC}") = "MorSun.Model", "MorSun.Model\MorSun.Model.csproj", "{D335634F-20B7-464A-87A0-6D4718CF264E}"
EndProject
Project("{FAE04EC0-301F-11D3-BF4B-00C04F79EFBC}") = "MorSun.Document", "MorSun.Document\MorSun.Document.csproj", "{D46F6077-EE7A-4956-94F0-BC83409321C1}"
EndProject
Project("{FAE04EC0-301F-11D3-BF4B-00C04F79EFBC}") = "HOHO18.Common", "HOHO18.Common\HOHO18.Common.csproj", "{308EB538-190A-4E93-97EA-044E061190BA}"
EndProject
Project("{FAE04EC0-301F-11D3-BF4B-00C04F79EFBC}") = "MorSun.Common", "MorSun.Common\MorSun.Common.csproj", "{6DDCD303-7FE5-4B58-89DC-597BBD940C84}"
EndProject
Project("{FAE04EC0-301F-11D3-BF4B-00C04F79EFBC}") = "MorSun.Bll", "MorSun.Bll\MorSun.Bll.csproj", "{D5787304-295A-46B2-A850-FAA8DBD86CEB}"
EndProject
Project("{FAE04EC0-301F-11D3-BF4B-00C04F79EFBC}") = "MorSun", "MorSun\MorSun.csproj", "{DC4F36B2-558E-410F-B0C8-F093D5EDDF3C}"
EndProject
Project("{FAE04EC0-301F-11D3-BF4B-00C04F79EFBC}") = "MorSun.WX.ZYB.Service", "MorSun.WX.Service\MorSun.WX.ZYB.Service.csproj", "{85D316A9-F411-4D50-BC06-0DACDDC78D46}"
EndProject
Global
	GlobalSection(SolutionConfigurationPlatforms) = preSolution
		Debug|Any CPU = Debug|Any CPU
		Release|Any CPU = Release|Any CPU
	EndGlobalSection
	GlobalSection(ProjectConfigurationPlatforms) = postSolution
		{51F35E7F-8098-46E3-BD12-BEFF0E14F573}.Debug|Any CPU.ActiveCfg = Debug|Any CPU
		{51F35E7F-8098-46E3-BD12-BEFF0E14F573}.Debug|Any CPU.Build.0 = Debug|Any CPU
		{51F35E7F-8098-46E3-BD12-BEFF0E14F573}.Release|Any CPU.ActiveCfg = Release|Any CPU
		{51F35E7F-8098-46E3-BD12-BEFF0E14F573}.Release|Any CPU.Build.0 = Release|Any CPU
		{D335634F-20B7-464A-87A0-6D4718CF264E}.Debug|Any CPU.ActiveCfg = Debug|Any CPU
		{D335634F-20B7-464A-87A0-6D4718CF264E}.Debug|Any CPU.Build.0 = Debug|Any CPU
		{D335634F-20B7-464A-87A0-6D4718CF264E}.Release|Any CPU.ActiveCfg = Release|Any CPU
		{D335634F-20B7-464A-87A0-6D4718CF264E}.Release|Any CPU.Build.0 = Release|Any CPU
		{D46F6077-EE7A-4956-94F0-BC83409321C1}.Debug|Any CPU.ActiveCfg = Debug|Any CPU
		{D46F6077-EE7A-4956-94F0-BC83409321C1}.Debug|Any CPU.Build.0 = Debug|Any CPU
		{D46F6077-EE7A-4956-94F0-BC83409321C1}.Release|Any CPU.ActiveCfg = Release|Any CPU
		{D46F6077-EE7A-4956-94F0-BC83409321C1}.Release|Any CPU.Build.0 = Release|Any CPU
		{308EB538-190A-4E93-97EA-044E061190BA}.Debug|Any CPU.ActiveCfg = Debug|Any CPU
		{308EB538-190A-4E93-97EA-044E061190BA}.Debug|Any CPU.Build.0 = Debug|Any CPU
		{308EB538-190A-4E93-97EA-044E061190BA}.Release|Any CPU.ActiveCfg = Release|Any CPU
		{308EB538-190A-4E93-97EA-044E061190BA}.Release|Any CPU.Build.0 = Release|Any CPU
		{6DDCD303-7FE5-4B58-89DC-597BBD940C84}.Debug|Any CPU.ActiveCfg = Debug|Any CPU
		{6DDCD303-7FE5-4B58-89DC-597BBD940C84}.Debug|Any CPU.Build.0 = Debug|Any CPU
		{6DDCD303-7FE5-4B58-89DC-597BBD940C84}.Release|Any CPU.ActiveCfg = Release|Any CPU
		{6DDCD303-7FE5-4B58-89DC-597BBD940C84}.Release|Any CPU.Build.0 = Release|Any CPU
		{D5787304-295A-46B2-A850-FAA8DBD86CEB}.Debug|Any CPU.ActiveCfg = Debug|Any CPU
		{D5787304-295A-46B2-A850-FAA8DBD86CEB}.Debug|Any CPU.Build.0 = Debug|Any CPU
		{D5787304-295A-46B2-A850-FAA8DBD86CEB}.Release|Any CPU.ActiveCfg = Release|Any CPU
		{D5787304-295A-46B2-A850-FAA8DBD86CEB}.Release|Any CPU.Build.0 = Release|Any CPU
		{DC4F36B2-558E-410F-B0C8-F093D5EDDF3C}.Debug|Any CPU.ActiveCfg = Debug|Any CPU
		{DC4F36B2-558E-410F-B0C8-F093D5EDDF3C}.Debug|Any CPU.Build.0 = Debug|Any CPU
		{DC4F36B2-558E-410F-B0C8-F093D5EDDF3C}.Release|Any CPU.ActiveCfg = Release|Any CPU
		{DC4F36B2-558E-410F-B0C8-F093D5EDDF3C}.Release|Any CPU.Build.0 = Release|Any CPU
		{85D316A9-F411-4D50-BC06-0DACDDC78D46}.Debug|Any CPU.ActiveCfg = Debug|Any CPU
		{85D316A9-F411-4D50-BC06-0DACDDC78D46}.Debug|Any CPU.Build.0 = Debug|Any CPU
		{85D316A9-F411-4D50-BC06-0DACDDC78D46}.Release|Any CPU.ActiveCfg = Release|Any CPU
		{85D316A9-F411-4D50-BC06-0DACDDC78D46}.Release|Any CPU.Build.0 = Release|Any CPU
	EndGlobalSection
	GlobalSection(SolutionProperties) = preSolution
		HideSolutionNode = FALSE
	EndGlobalSection
	GlobalSection(NestedProjects) = preSolution
		{51F35E7F-8098-46E3-BD12-BEFF0E14F573} = {2490C533-B05D-4FF6-AAFE-41E59F9E54C1}
		{DC4F36B2-558E-410F-B0C8-F093D5EDDF3C} = {2490C533-B05D-4FF6-AAFE-41E59F9E54C1}
		{D5787304-295A-46B2-A850-FAA8DBD86CEB} = {D57EFD41-3D02-4050-AC1E-2A1FB23A5C2C}
		{308EB538-190A-4E93-97EA-044E061190BA} = {674A1F62-479D-4F4D-B0E6-604CA2E851E9}
		{6DDCD303-7FE5-4B58-89DC-597BBD940C84} = {674A1F62-479D-4F4D-B0E6-604CA2E851E9}
		{85D316A9-F411-4D50-BC06-0DACDDC78D46} = {674A1F62-479D-4F4D-B0E6-604CA2E851E9}
		{D46F6077-EE7A-4956-94F0-BC83409321C1} = {96E1FF05-C45F-4E49-B1E8-703B8F24B32F}
		{D335634F-20B7-464A-87A0-6D4718CF264E} = {77D86F43-DF82-47DD-909F-9C054D505A9D}
	EndGlobalSection
EndGlobal
